
Microsoft Visual Studio Solution File, Format Version 12.00
# Visual Studio Version 17
VisualStudioVersion = 17.3.32901.215
MinimumVisualStudioVersion = 10.0.40219.1
Project("{FAE04EC0-301F-11D3-BF4B-00C04F79EFBC}") = "2-3-4Tree", "2-3-4Tree\2-3-4Tree.csproj", "{A02B7F3F-FA86-4A66-95E4-DF0303E573D6}"
EndProject
Global
	GlobalSection(SolutionConfigurationPlatforms) = preSolution
		Debug|Any CPU = Debug|Any CPU
		Release|Any CPU = Release|Any CPU
	EndGlobalSection
	GlobalSection(ProjectConfigurationPlatforms) = postSolution
		{A02B7F3F-FA86-4A66-95E4-DF0303E573D6}.Debug|Any CPU.ActiveCfg = Debug|Any CPU
		{A02B7F3F-FA86-4A66-95E4-DF0303E573D6}.Debug|Any CPU.Build.0 = Debug|Any CPU
		{A02B7F3F-FA86-4A66-95E4-DF0303E573D6}.Release|Any CPU.ActiveCfg = Release|Any CPU
		{A02B7F3F-FA86-4A66-95E4-DF0303E573D6}.Release|Any CPU.Build.0 = Release|Any CPU
	EndGlobalSection
	GlobalSection(SolutionProperties) = preSolution
		HideSolutionNode = FALSE
	EndGlobalSection
	GlobalSection(ExtensibilityGlobals) = postSolution
		SolutionGuid = {C0EAE789-9E7D-4F5B-A7F7-C9A9171FD11F}
	EndGlobalSection
EndGlobal
